
Microsoft Visual Studio Solution File, Format Version 12.00
# Visual Studio 15
VisualStudioVersion = 15.0.26730.8
MinimumVisualStudioVersion = 10.0.40219.1
Project("{FAE04EC0-301F-11D3-BF4B-00C04F79EFBC}") = "LemonEngine.Main", "LemonEngine.Main\LemonEngine.Main.csproj", "{D1448252-00C2-446A-BA3E-AF089517808E}"
EndProject
Project("{2150E333-8FDC-42A3-9474-1A3956D46DE8}") = "Render", "Render", "{00A34BD5-A1AE-4FE4-A7D3-E6D8C39EFC29}"
EndProject
Project("{FAE04EC0-301F-11D3-BF4B-00C04F79EFBC}") = "LemonEngine.RenderLogic", "LemonEngine.RenderLogic\LemonEngine.RenderLogic.csproj", "{7CD2492E-8017-42E8-BCF5-9629F66F04EA}"
EndProject
Project("{2150E333-8FDC-42A3-9474-1A3956D46DE8}") = "Infrastructure", "Infrastructure", "{CAD21D41-069C-4699-86E6-2C8C5C207AE3}"
EndProject
Project("{2150E333-8FDC-42A3-9474-1A3956D46DE8}") = "Logic", "Logic", "{C126D871-D5D3-4AF2-AC05-117630691937}"
EndProject
Project("{FAE04EC0-301F-11D3-BF4B-00C04F79EFBC}") = "LemonEngine.Logic", "LemonEngine.Logic\LemonEngine.Logic.csproj", "{5EE511E0-DA56-4992-83C5-5EE2AAA62961}"
EndProject
Project("{FAE04EC0-301F-11D3-BF4B-00C04F79EFBC}") = "LemonEngine.Infrastructure", "LemonEngine.Infrastructure\LemonEngine.Infrastructure.csproj", "{1810787D-C853-4D8F-B992-0DE04C14AD2E}"
EndProject
Project("{FAE04EC0-301F-11D3-BF4B-00C04F79EFBC}") = "WallpaperGrabber", "WallpaperGrabber\WallpaperGrabber.csproj", "{0CACD1DF-F9D0-4E99-B74B-0E629C462E72}"
EndProject
Project("{FAE04EC0-301F-11D3-BF4B-00C04F79EFBC}") = "GameWindow", "GameWindow\GameWindow.csproj", "{1B416651-A920-43F4-B934-CE3029506D66}"
EndProject
Project("{FAE04EC0-301F-11D3-BF4B-00C04F79EFBC}") = "Organodron.Main", "Organodron.Main\Organodron.Main.csproj", "{A70AD081-489C-43E3-9BEA-B982CEAD2537}"
EndProject
Project("{FAE04EC0-301F-11D3-BF4B-00C04F79EFBC}") = "LemonEngine.GameUtils", "LemonEngine.GameUtils\LemonEngine.GameUtils.csproj", "{5F446E0F-64DE-4C3C-B0C2-846F44569DDD}"
EndProject
Project("{2150E333-8FDC-42A3-9474-1A3956D46DE8}") = "Physics", "Physics", "{829D6899-5188-41EF-A99C-F3B74260AEFF}"
EndProject
Project("{FAE04EC0-301F-11D3-BF4B-00C04F79EFBC}") = "LemonEngine.Physics", "LemonEngine.Physics\LemonEngine.Physics.csproj", "{D0DD18D3-4873-42D1-9BFE-61DF145D3974}"
EndProject
Project("{FAE04EC0-301F-11D3-BF4B-00C04F79EFBC}") = "EvolveNewWorld", "EvolveNewWorld\EvolveNewWorld.csproj", "{3CDEBB7F-F267-4227-AC57-34F2C78B614C}"
EndProject
Global
	GlobalSection(SolutionConfigurationPlatforms) = preSolution
		Debug|Any CPU = Debug|Any CPU
		Release|Any CPU = Release|Any CPU
	EndGlobalSection
	GlobalSection(ProjectConfigurationPlatforms) = postSolution
		{D1448252-00C2-446A-BA3E-AF089517808E}.Debug|Any CPU.ActiveCfg = Debug|Any CPU
		{D1448252-00C2-446A-BA3E-AF089517808E}.Debug|Any CPU.Build.0 = Debug|Any CPU
		{D1448252-00C2-446A-BA3E-AF089517808E}.Release|Any CPU.ActiveCfg = Release|Any CPU
		{D1448252-00C2-446A-BA3E-AF089517808E}.Release|Any CPU.Build.0 = Release|Any CPU
		{7CD2492E-8017-42E8-BCF5-9629F66F04EA}.Debug|Any CPU.ActiveCfg = Debug|Any CPU
		{7CD2492E-8017-42E8-BCF5-9629F66F04EA}.Debug|Any CPU.Build.0 = Debug|Any CPU
		{7CD2492E-8017-42E8-BCF5-9629F66F04EA}.Release|Any CPU.ActiveCfg = Release|Any CPU
		{7CD2492E-8017-42E8-BCF5-9629F66F04EA}.Release|Any CPU.Build.0 = Release|Any CPU
		{5EE511E0-DA56-4992-83C5-5EE2AAA62961}.Debug|Any CPU.ActiveCfg = Debug|Any CPU
		{5EE511E0-DA56-4992-83C5-5EE2AAA62961}.Debug|Any CPU.Build.0 = Debug|Any CPU
		{5EE511E0-DA56-4992-83C5-5EE2AAA62961}.Release|Any CPU.ActiveCfg = Release|Any CPU
		{5EE511E0-DA56-4992-83C5-5EE2AAA62961}.Release|Any CPU.Build.0 = Release|Any CPU
		{1810787D-C853-4D8F-B992-0DE04C14AD2E}.Debug|Any CPU.ActiveCfg = Debug|Any CPU
		{1810787D-C853-4D8F-B992-0DE04C14AD2E}.Debug|Any CPU.Build.0 = Debug|Any CPU
		{1810787D-C853-4D8F-B992-0DE04C14AD2E}.Release|Any CPU.ActiveCfg = Release|Any CPU
		{1810787D-C853-4D8F-B992-0DE04C14AD2E}.Release|Any CPU.Build.0 = Release|Any CPU
		{0CACD1DF-F9D0-4E99-B74B-0E629C462E72}.Debug|Any CPU.ActiveCfg = Debug|Any CPU
		{0CACD1DF-F9D0-4E99-B74B-0E629C462E72}.Debug|Any CPU.Build.0 = Debug|Any CPU
		{0CACD1DF-F9D0-4E99-B74B-0E629C462E72}.Release|Any CPU.ActiveCfg = Release|Any CPU
		{0CACD1DF-F9D0-4E99-B74B-0E629C462E72}.Release|Any CPU.Build.0 = Release|Any CPU
		{1B416651-A920-43F4-B934-CE3029506D66}.Debug|Any CPU.ActiveCfg = Debug|Any CPU
		{1B416651-A920-43F4-B934-CE3029506D66}.Debug|Any CPU.Build.0 = Debug|Any CPU
		{1B416651-A920-43F4-B934-CE3029506D66}.Release|Any CPU.ActiveCfg = Release|Any CPU
		{1B416651-A920-43F4-B934-CE3029506D66}.Release|Any CPU.Build.0 = Release|Any CPU
		{A70AD081-489C-43E3-9BEA-B982CEAD2537}.Debug|Any CPU.ActiveCfg = Debug|Any CPU
		{A70AD081-489C-43E3-9BEA-B982CEAD2537}.Debug|Any CPU.Build.0 = Debug|Any CPU
		{A70AD081-489C-43E3-9BEA-B982CEAD2537}.Release|Any CPU.ActiveCfg = Release|Any CPU
		{A70AD081-489C-43E3-9BEA-B982CEAD2537}.Release|Any CPU.Build.0 = Release|Any CPU
		{5F446E0F-64DE-4C3C-B0C2-846F44569DDD}.Debug|Any CPU.ActiveCfg = Debug|Any CPU
		{5F446E0F-64DE-4C3C-B0C2-846F44569DDD}.Debug|Any CPU.Build.0 = Debug|Any CPU
		{5F446E0F-64DE-4C3C-B0C2-846F44569DDD}.Release|Any CPU.ActiveCfg = Release|Any CPU
		{5F446E0F-64DE-4C3C-B0C2-846F44569DDD}.Release|Any CPU.Build.0 = Release|Any CPU
		{D0DD18D3-4873-42D1-9BFE-61DF145D3974}.Debug|Any CPU.ActiveCfg = Debug|Any CPU
		{D0DD18D3-4873-42D1-9BFE-61DF145D3974}.Debug|Any CPU.Build.0 = Debug|Any CPU
		{D0DD18D3-4873-42D1-9BFE-61DF145D3974}.Release|Any CPU.ActiveCfg = Release|Any CPU
		{D0DD18D3-4873-42D1-9BFE-61DF145D3974}.Release|Any CPU.Build.0 = Release|Any CPU
		{3CDEBB7F-F267-4227-AC57-34F2C78B614C}.Debug|Any CPU.ActiveCfg = Debug|Any CPU
		{3CDEBB7F-F267-4227-AC57-34F2C78B614C}.Debug|Any CPU.Build.0 = Debug|Any CPU
		{3CDEBB7F-F267-4227-AC57-34F2C78B614C}.Release|Any CPU.ActiveCfg = Release|Any CPU
		{3CDEBB7F-F267-4227-AC57-34F2C78B614C}.Release|Any CPU.Build.0 = Release|Any CPU
	EndGlobalSection
	GlobalSection(SolutionProperties) = preSolution
		HideSolutionNode = FALSE
	EndGlobalSection
	GlobalSection(NestedProjects) = preSolution
		{7CD2492E-8017-42E8-BCF5-9629F66F04EA} = {00A34BD5-A1AE-4FE4-A7D3-E6D8C39EFC29}
		{5EE511E0-DA56-4992-83C5-5EE2AAA62961} = {C126D871-D5D3-4AF2-AC05-117630691937}
		{1810787D-C853-4D8F-B992-0DE04C14AD2E} = {CAD21D41-069C-4699-86E6-2C8C5C207AE3}
		{5F446E0F-64DE-4C3C-B0C2-846F44569DDD} = {C126D871-D5D3-4AF2-AC05-117630691937}
		{D0DD18D3-4873-42D1-9BFE-61DF145D3974} = {829D6899-5188-41EF-A99C-F3B74260AEFF}
	EndGlobalSection
	GlobalSection(ExtensibilityGlobals) = postSolution
		SolutionGuid = {40AA9F99-8C2A-4534-A3AF-2969B0294E90}
	EndGlobalSection
EndGlobal
